PODS:
  - StylableNavigationBar (0.1.0)

DEPENDENCIES:
  - StylableNavigationBar (from `../`)

EXTERNAL SOURCES:
  StylableNavigationBar:
    :path: "../"

SPEC CHECKSUMS:
  StylableNavigationBar: f9c108511fb39ca3de7695b9c38d0de4b0787328

PODFILE CHECKSUM: 292eef78bc3926e39b42ce54ea19a131b297c894

COCOAPODS: 1.7.5
